
Microsoft Visual Studio Solution File, Format Version 12.00
# Visual Studio 15
VisualStudioVersion = 15.0.28306.52
MinimumVisualStudioVersion = 10.0.40219.1
Project("{FAE04EC0-301F-11D3-BF4B-00C04F79EFBC}") = "CKEditorDemo", "CKEditorDemo\CKEditorDemo.csproj", "{419FDA2E-770F-46B9-940E-DF086910DCA2}"
EndProject
Global
	GlobalSection(SolutionConfigurationPlatforms) = preSolution
		Debug|Any CPU = Debug|Any CPU
		Release|Any CPU = Release|Any CPU
	EndGlobalSection
	GlobalSection(ProjectConfigurationPlatforms) = postSolution
		{419FDA2E-770F-46B9-940E-DF086910DCA2}.Debug|Any CPU.ActiveCfg = Debug|Any CPU
		{419FDA2E-770F-46B9-940E-DF086910DCA2}.Debug|Any CPU.Build.0 = Debug|Any CPU
		{419FDA2E-770F-46B9-940E-DF086910DCA2}.Release|Any CPU.ActiveCfg = Release|Any CPU
		{419FDA2E-770F-46B9-940E-DF086910DCA2}.Release|Any CPU.Build.0 = Release|Any CPU
	EndGlobalSection
	GlobalSection(SolutionProperties) = preSolution
		HideSolutionNode = FALSE
	EndGlobalSection
	GlobalSection(ExtensibilityGlobals) = postSolution
		SolutionGuid = {CAE03F85-5BB6-416C-87CD-2859590F10C9}
	EndGlobalSection
EndGlobal
